
Microsoft Visual Studio Solution File, Format Version 12.00
# Visual Studio Version 17
VisualStudioVersion = 17.13.35825.156 d17.13
MinimumVisualStudioVersion = 10.0.40219.1
Project("{FAE04EC0-301F-11D3-BF4B-00C04F79EFBC}") = "eCommerce.API", "eCommerce.API\eCommerce.API.csproj", "{FBAF8BE4-9BD9-4648-8FF0-877FDF713EB8}"
EndProject
Project("{FAE04EC0-301F-11D3-BF4B-00C04F79EFBC}") = "eCommerce.Infrastructure", "eCommerce.Infrastructure\eCommerce.Infrastructure.csproj", "{5AC401A1-691B-4A9B-9B40-CC6B141BDBEF}"
EndProject
Project("{FAE04EC0-301F-11D3-BF4B-00C04F79EFBC}") = "eCommerce.Core", "eCommerce.Core\eCommerce.Core.csproj", "{F174156F-3DAF-4549-83D1-F5631A97C37D}"
EndProject
Global
	GlobalSection(SolutionConfigurationPlatforms) = preSolution
		Debug|Any CPU = Debug|Any CPU
		Release|Any CPU = Release|Any CPU
	EndGlobalSection
	GlobalSection(ProjectConfigurationPlatforms) = postSolution
		{FBAF8BE4-9BD9-4648-8FF0-877FDF713EB8}.Debug|Any CPU.ActiveCfg = Debug|Any CPU
		{FBAF8BE4-9BD9-4648-8FF0-877FDF713EB8}.Debug|Any CPU.Build.0 = Debug|Any CPU
		{FBAF8BE4-9BD9-4648-8FF0-877FDF713EB8}.Release|Any CPU.ActiveCfg = Release|Any CPU
		{FBAF8BE4-9BD9-4648-8FF0-877FDF713EB8}.Release|Any CPU.Build.0 = Release|Any CPU
		{5AC401A1-691B-4A9B-9B40-CC6B141BDBEF}.Debug|Any CPU.ActiveCfg = Debug|Any CPU
		{5AC401A1-691B-4A9B-9B40-CC6B141BDBEF}.Debug|Any CPU.Build.0 = Debug|Any CPU
		{5AC401A1-691B-4A9B-9B40-CC6B141BDBEF}.Release|Any CPU.ActiveCfg = Release|Any CPU
		{5AC401A1-691B-4A9B-9B40-CC6B141BDBEF}.Release|Any CPU.Build.0 = Release|Any CPU
		{F174156F-3DAF-4549-83D1-F5631A97C37D}.Debug|Any CPU.ActiveCfg = Debug|Any CPU
		{F174156F-3DAF-4549-83D1-F5631A97C37D}.Debug|Any CPU.Build.0 = Debug|Any CPU
		{F174156F-3DAF-4549-83D1-F5631A97C37D}.Release|Any CPU.ActiveCfg = Release|Any CPU
		{F174156F-3DAF-4549-83D1-F5631A97C37D}.Release|Any CPU.Build.0 = Release|Any CPU
	EndGlobalSection
	GlobalSection(SolutionProperties) = preSolution
		HideSolutionNode = FALSE
	EndGlobalSection
	GlobalSection(ExtensibilityGlobals) = postSolution
		SolutionGuid = {446B4CAC-E551-4FB7-9559-22AB8A7176B1}
	EndGlobalSection
EndGlobal
